{"is_source_file": false, "format": "", "description": "", "external_files": [], "external_methods": [], "published": [], "classes": [], "methods": [], "calls": [], "search-terms": [], "state": 2, "file_id": 18, "knowledge_revision": 37, "git_revision": "d03bef443217132c141ba01cb31bc3fa821e34d9", "hash": "e9b4c3b42cef0193b7fddb548d37e652", "format-version": 4, "code-base-name": "default", "filename": "petpulse_frontend/post_process_status.lock", "revision_history": [{"37": "d03bef443217132c141ba01cb31bc3fa821e34d9"}]}